// !$*UTF8*$!
{
	archiveVersion = 1;
	classes = {
	};
	objectVersion = 77;
	objects = {

/* Begin PBXBuildFile section */
		6D3042D82D76BF9A00635062 /* GoogleGenerativeAI in Frameworks */ = {isa = PBXBuildFile; productRef = 6D3042D72D76BF9A00635062 /* GoogleGenerativeAI */; };
		6DFF2C072D9620080083FE02 /* .gitignore in Resources */ = {isa = PBXBuildFile; fileRef = 6DFF2C062D9620080083FE02 /* .gitignore */; };
/* End PBXBuildFile section */

/* Begin PBXContainerItemProxy section */
		6D3042B12D76B7BC00635062 /* PBXContainerItemProxy */ = {
			isa = PBXContainerItemProxy;
			containerPortal = 6D3042982D76B7BB00635062 /* Project object */;
			proxyType = 1;
			remoteGlobalIDString = 6D30429F2D76B7BB00635062;
			remoteInfo = ChatWithAI;
		};
		6D3042BB2D76B7BC00635062 /* PBXContainerItemProxy */ = {
			isa = PBXContainerItemProxy;
			containerPortal = 6D3042982D76B7BB00635062 /* Project object */;
			proxyType = 1;
			remoteGlobalIDString = 6D30429F2D76B7BB00635062;
			remoteInfo = ChatWithAI;
		};
/* End PBXContainerItemProxy section */

/* Begin PBXFileReference section */
		6D3042A02D76B7BB00635062 /* ChatWithAI.app */ = {isa = PBXFileReference; explicitFileType = wrapper.application; includeInIndex = 0; path = ChatWithAI.app; sourceTree = BUILT_PRODUCTS_DIR; };
		6D3042B02D76B7BC00635062 /* ChatWithAITests.xctest */ = {isa = PBXFileReference; explicitFileType = wrapper.cfbundle; includeInIndex = 0; path = ChatWithAITests.xctest; sourceTree = BUILT_PRODUCTS_DIR; };
		6D3042BA2D76B7BC00635062 /* ChatWithAIUITests.xctest */ = {isa = PBXFileReference; explicitFileType = wrapper.cfbundle; includeInIndex = 0; path = ChatWithAIUITests.xctest; sourceTree = BUILT_PRODUCTS_DIR; };
		6DFF2C062D9620080083FE02 /* .gitignore */ = {isa = PBXFileReference; lastKnownFileType = text; path = .gitignore; sourceTree = "<group>"; };
/* End PBXFileReference section */

/* Begin PBXFileSystemSynchronizedBuildFileExceptionSet section */
		6DFF2C032D961E440083FE02 /* Exceptions for "ChatWithAI" folder in "ChatWithAI" target */ = {
			isa = PBXFileSystemSynchronizedBuildFileExceptionSet;
			membershipExceptions = (
				Info.plist,
			);
			target = 6D30429F2D76B7BB00635062 /* ChatWithAI */;
		};
/* End PBXFileSystemSynchronizedBuildFileExceptionSet section */

/* Begin PBXFileSystemSynchronizedRootGroup section */
		6D3042A22D76B7BB00635062 /* ChatWithAI */ = {
			isa = PBXFileSystemSynchronizedRootGroup;
			exceptions = (
				6DFF2C032D961E440083FE02 /* Exceptions for "ChatWithAI" folder in "ChatWithAI" target */,
			);
			path = ChatWithAI;
			sourceTree = "<group>";
		};
/* End PBXFileSystemSynchronizedRootGroup section */

/* Begin PBXFrameworksBuildPhase section */
		6D30429D2D76B7BB00635062 /* Frameworks */ = {
			isa = PBXFrameworksBuildPhase;
			buildActionMask = 2147483647;
			files = (
				6D3042D82D76BF9A00635062 /* GoogleGenerativeAI in Frameworks */,
			);
			runOnlyForDeploymentPostprocessing = 0;
		};
		6D3042AD2D76B7BC00635062 /* Frameworks */ = {
			isa = PBXFrameworksBuildPhase;
			buildActionMask = 2147483647;
			files = (
			);
			runOnlyForDeploymentPostprocessing = 0;
		};
		6D3042B72D76B7BC00635062 /* Frameworks */ = {
			isa = PBXFrameworksBuildPhase;
			buildActionMask = 2147483647;
			files = (
			);
			runOnlyForDeploymentPostprocessing = 0;
		};
/* End PBXFrameworksBuildPhase section */

/* Begin PBXGroup section */
		6D3042972D76B7BB00635062 = {
			isa = PBXGroup;
			children = (
				6D3042A22D76B7BB00635062 /* ChatWithAI */,
				6D3042D62D76BF9A00635062 /* Frameworks */,
				6D3042A12D76B7BB00635062 /* Products */,
				6DFF2C062D9620080083FE02 /* .gitignore */,
			);
			sourceTree = "<group>";
		};
		6D3042A12D76B7BB00635062 /* Products */ = {
			isa = PBXGroup;
			children = (
				6D3042A02D76B7BB00635062 /* ChatWithAI.app */,
				6D3042B02D76B7BC00635062 /* ChatWithAITests.xctest */,
				6D3042BA2D76B7BC00635062 /* ChatWithAIUITests.xctest */,
			);
			name = Products;
			sourceTree = "<group>";
		};
		6D3042D62D76BF9A00635062 /* Frameworks */ = {
			isa = PBXGroup;
			children = (
			);
			name = Frameworks;
			sourceTree = "<group>";
		};
/* End PBXGroup section */

/* Begin PBXNativeTarget section */
		6D30429F2D76B7BB00635062 /* ChatWithAI */ = {
			isa = PBXNativeTarget;
			buildConfigurationList = 6D3042C42D76B7BC00635062 /* Build configuration list for PBXNativeTarget "ChatWithAI" */;
			buildPhases = (
				6D30429C2D76B7BB00635062 /* Sources */,
				6D30429D2D76B7BB00635062 /* Frameworks */,
				6D30429E2D76B7BB00635062 /* Resources */,
			);
			buildRules = (
			);
			dependencies = (
			);
			fileSystemSynchronizedGroups = (
				6D3042A22D76B7BB00635062 /* ChatWithAI */,
			);
			name = ChatWithAI;
			packageProductDependencies = (
				6D3042D72D76BF9A00635062 /* GoogleGenerativeAI */,
			);
			productName = ChatWithAI;
			productReference = 6D3042A02D76B7BB00635062 /* ChatWithAI.app */;
			productType = "com.apple.product-type.application";
		};
		6D3042AF2D76B7BC00635062 /* ChatWithAITests */ = {
			isa = PBXNativeTarget;
			buildConfigurationList = 6D3042C72D76B7BC00635062 /* Build configuration list for PBXNativeTarget "ChatWithAITests" */;
			buildPhases = (
				6D3042AC2D76B7BC00635062 /* Sources */,
				6D3042AD2D76B7BC00635062 /* Frameworks */,
				6D3042AE2D76B7BC00635062 /* Resources */,
			);
			buildRules = (
			);
			dependencies = (
				6D3042B22D76B7BC00635062 /* PBXTargetDependency */,
			);
			name = ChatWithAITests;
			packageProductDependencies = (
			);
			productName = ChatWithAITests;
			productReference = 6D3042B02D76B7BC00635062 /* ChatWithAITests.xctest */;
			productType = "com.apple.product-type.bundle.unit-test";
		};
		6D3042B92D76B7BC00635062 /* ChatWithAIUITests */ = {
			isa = PBXNativeTarget;
			buildConfigurationList = 6D3042CA2D76B7BC00635062 /* Build configuration list for PBXNativeTarget "ChatWithAIUITests" */;
			buildPhases = (
				6D3042B62D76B7BC00635062 /* Sources */,
				6D3042B72D76B7BC00635062 /* Frameworks */,
				6D3042B82D76B7BC00635062 /* Resources */,
			);
			buildRules = (
			);
			dependencies = (
				6D3042BC2D76B7BC00635062 /* PBXTargetDependency */,
			);
			name = ChatWithAIUITests;
			packageProductDependencies = (
			);
			productName = ChatWithAIUITests;
			productReference = 6D3042BA2D76B7BC00635062 /* ChatWithAIUITests.xctest */;
			productType = "com.apple.product-type.bundle.ui-testing";
		};
/* End PBXNativeTarget section */

/* Begin PBXProject section */
		6D3042982D76B7BB00635062 /* Project object */ = {
			isa = PBXProject;
			attributes = {
				BuildIndependentTargetsInParallel = 1;
				LastSwiftUpdateCheck = 1620;
				LastUpgradeCheck = 1620;
				TargetAttributes = {
					6D30429F2D76B7BB00635062 = {
						CreatedOnToolsVersion = 16.2;
					};
					6D3042AF2D76B7BC00635062 = {
						CreatedOnToolsVersion = 16.2;
						TestTargetID = 6D30429F2D76B7BB00635062;
					};
					6D3042B92D76B7BC00635062 = {
						CreatedOnToolsVersion = 16.2;
						TestTargetID = 6D30429F2D76B7BB00635062;
					};
				};
			};
			buildConfigurationList = 6D30429B2D76B7BB00635062 /* Build configuration list for PBXProject "ChatWithAI" */;
			developmentRegion = en;
			hasScannedForEncodings = 0;
			knownRegions = (
				en,
				Base,
			);
			mainGroup = 6D3042972D76B7BB00635062;
			minimizedProjectReferenceProxies = 1;
			packageReferences = (
				6D3042D52D76BB0800635062 /* XCRemoteSwiftPackageReference "generative-ai-swift" */,
			);
			preferredProjectObjectVersion = 77;
			productRefGroup = 6D3042A12D76B7BB00635062 /* Products */;
			projectDirPath = "";
			projectRoot = "";
			targets = (
				6D30429F2D76B7BB00635062 /* ChatWithAI */,
				6D3042AF2D76B7BC00635062 /* ChatWithAITests */,
				6D3042B92D76B7BC00635062 /* ChatWithAIUITests */,
			);
		};
/* End PBXProject section */

/* Begin PBXResourcesBuildPhase section */
		6D30429E2D76B7BB00635062 /* Resources */ = {
			isa = PBXResourcesBuildPhase;
			buildActionMask = 2147483647;
			files = (
				6DFF2C072D9620080083FE02 /* .gitignore in Resources */,
			);
			runOnlyForDeploymentPostprocessing = 0;
		};
		6D3042AE2D76B7BC00635062 /* Resources */ = {
			isa = PBXResourcesBuildPhase;
			buildActionMask = 2147483647;
			files = (
			);
			runOnlyForDeploymentPostprocessing = 0;
		};
		6D3042B82D76B7BC00635062 /* Resources */ = {
			isa = PBXResourcesBuildPhase;
			buildActionMask = 2147483647;
			files = (
			);
			runOnlyForDeploymentPostprocessing = 0;
		};
/* End PBXResourcesBuildPhase section */

/* Begin PBXSourcesBuildPhase section */
		6D30429C2D76B7BB00635062 /* Sources */ = {
			isa = PBXSourcesBuildPhase;
			buildActionMask = 2147483647;
			files = (
			);
			runOnlyForDeploymentPostprocessing = 0;
		};
		6D3042AC2D76B7BC00635062 /* Sources */ = {
			isa = PBXSourcesBuildPhase;
			buildActionMask = 2147483647;
			files = (
			);
			runOnlyForDeploymentPostprocessing = 0;
		};
		6D3042B62D76B7BC00635062 /* Sources */ = {
			isa = PBXSourcesBuildPhase;
			buildActionMask = 2147483647;
			files = (
			);
			runOnlyForDeploymentPostprocessing = 0;
		};
/* End PBXSourcesBuildPhase section */

/* Begin PBXTargetDependency section */
		6D3042B22D76B7BC00635062 /* PBXTargetDependency */ = {
			isa = PBXTargetDependency;
			target = 6D30429F2D76B7BB00635062 /* ChatWithAI */;
			targetProxy = 6D3042B12D76B7BC00635062 /* PBXContainerItemProxy */;
		};
		6D3042BC2D76B7BC00635062 /* PBXTargetDependency */ = {
			isa = PBXTargetDependency;
			target = 6D30429F2D76B7BB00635062 /* ChatWithAI */;
			targetProxy = 6D3042BB2D76B7BC00635062 /* PBXContainerItemProxy */;
		};
/* End PBXTargetDependency section */

/* Begin XCBuildConfiguration section */
		6D3042C22D76B7BC00635062 /* Debug */ = {
			isa = XCBuildConfiguration;
			buildSettings = {
				ALWAYS_SEARCH_USER_PATHS = NO;
				ASSETCATALOG_COMPILER_GENERATE_SWIFT_ASSET_SYMBOL_EXTENSIONS = YES;
				CLANG_ANALYZER_NONNULL = YES;
				CLANG_ANALYZER_NUMBER_OBJECT_CONVERSION = YES_AGGRESSIVE;
				CLANG_CXX_LANGUAGE_STANDARD = "gnu++20";
				CLANG_ENABLE_MODULES = YES;
				CLANG_ENABLE_OBJC_ARC = YES;
				CLANG_ENABLE_OBJC_WEAK = YES;
				CLANG_WARN_BLOCK_CAPTURE_AUTORELEASING = YES;
				CLANG_WARN_BOOL_CONVERSION = YES;
				CLANG_WARN_COMMA = YES;
				CLANG_WARN_CONSTANT_CONVERSION = YES;
				CLANG_WARN_DEPRECATED_OBJC_IMPLEMENTATIONS = YES;
				CLANG_WARN_DIRECT_OBJC_ISA_USAGE = YES_ERROR;
				CLANG_WARN_DOCUMENTATION_COMMENTS = YES;
				CLANG_WARN_EMPTY_BODY = YES;
				CLANG_WARN_ENUM_CONVERSION = YES;
				CLANG_WARN_INFINITE_RECURSION = YES;
				CLANG_WARN_INT_CONVERSION = YES;
				CLANG_WARN_NON_LITERAL_NULL_CONVERSION = YES;
				CLANG_WARN_OBJC_IMPLICIT_RETAIN_SELF = YES;
				CLANG_WARN_OBJC_LITERAL_CONVERSION = YES;
				CLANG_WARN_OBJC_ROOT_CLASS = YES_ERROR;
				CLANG_WARN_QUOTED_INCLUDE_IN_FRAMEWORK_HEADER = YES;
				CLANG_WARN_RANGE_LOOP_ANALYSIS = YES;
				CLANG_WARN_STRICT_PROTOTYPES = YES;
				CLANG_WARN_SUSPICIOUS_MOVE = YES;
				CLANG_WARN_UNGUARDED_AVAILABILITY = YES_AGGRESSIVE;
				CLANG_WARN_UNREACHABLE_CODE = YES;
				CLANG_WARN__DUPLICATE_METHOD_MATCH = YES;
				COPY_PHASE_STRIP = NO;
				DEBUG_INFORMATION_FORMAT = dwarf;
				ENABLE_STRICT_OBJC_MSGSEND = YES;
				ENABLE_TESTABILITY = YES;
				ENABLE_USER_SCRIPT_SANDBOXING = YES;
				GCC_C_LANGUAGE_STANDARD = gnu17;
				GCC_DYNAMIC_NO_PIC = NO;
				GCC_NO_COMMON_BLOCKS = YES;
				GCC_OPTIMIZATION_LEVEL = 0;
				GCC_PREPROCESSOR_DEFINITIONS = (
					"DEBUG=1",
					"$(inherited)",
				);
				GCC_WARN_64_TO_32_BIT_CONVERSION = YES;
				GCC_WARN_ABOUT_RETURN_TYPE = YES_ERROR;
				GCC_WARN_UNDECLARED_SELECTOR = YES;
				GCC_WARN_UNINITIALIZED_AUTOS = YES_AGGRESSIVE;
				GCC_WARN_UNUSED_FUNCTION = YES;
				GCC_WARN_UNUSED_VARIABLE = YES;
				IPHONEOS_DEPLOYMENT_TARGET = 18.2;
				LOCALIZATION_PREFERS_STRING_CATALOGS = YES;
				MTL_ENABLE_DEBUG_INFO = INCLUDE_SOURCE;
				MTL_FAST_MATH = YES;
				ONLY_ACTIVE_ARCH = YES;
				SDKROOT = iphoneos;
				SWIFT_ACTIVE_COMPILATION_CONDITIONS = "DEBUG $(inherited)";
				SWIFT_OPTIMIZATION_LEVEL = "-Onone";
			};
			name = Debug;
		};
		6D3042C32D76B7BC00635062 /* Release */ = {
			isa = XCBuildConfiguration;
			buildSettings = {
				ALWAYS_SEARCH_USER_PATHS = NO;
				ASSETCATALOG_COMPILER_GENERATE_SWIFT_ASSET_SYMBOL_EXTENSIONS = YES;
				CLANG_ANALYZER_NONNULL = YES;
				CLANG_ANALYZER_NUMBER_OBJECT_CONVERSION = YES_AGGRESSIVE;
				CLANG_CXX_LANGUAGE_STANDARD = "gnu++20";
				CLANG_ENABLE_MODULES = YES;
				CLANG_ENABLE_OBJC_ARC = YES;
				CLANG_ENABLE_OBJC_WEAK = YES;
				CLANG_WARN_BLOCK_CAPTURE_AUTORELEASING = YES;
				CLANG_WARN_BOOL_CONVERSION = YES;
				CLANG_WARN_COMMA = YES;
				CLANG_WARN_CONSTANT_CONVERSION = YES;
				CLANG_WARN_DEPRECATED_OBJC_IMPLEMENTATIONS = YES;
				CLANG_WARN_DIRECT_OBJC_ISA_USAGE = YES_ERROR;
				CLANG_WARN_DOCUMENTATION_COMMENTS = YES;
				CLANG_WARN_EMPTY_BODY = YES;
				CLANG_WARN_ENUM_CONVERSION = YES;
				CLANG_WARN_INFINITE_RECURSION = YES;
				CLANG_WARN_INT_CONVERSION = YES;
				CLANG_WARN_NON_LITERAL_NULL_CONVERSION = YES;
				CLANG_WARN_OBJC_IMPLICIT_RETAIN_SELF = YES;
				CLANG_WARN_OBJC_LITERAL_CONVERSION = YES;
				CLANG_WARN_OBJC_ROOT_CLASS = YES_ERROR;
				CLANG_WARN_QUOTED_INCLUDE_IN_FRAMEWORK_HEADER = YES;
				CLANG_WARN_RANGE_LOOP_ANALYSIS = YES;
				CLANG_WARN_STRICT_PROTOTYPES = YES;
				CLANG_WARN_SUSPICIOUS_MOVE = YES;
				CLANG_WARN_UNGUARDED_AVAILABILITY = YES_AGGRESSIVE;
				CLANG_WARN_UNREACHABLE_CODE = YES;
				CLANG_WARN__DUPLICATE_METHOD_MATCH = YES;
				COPY_PHASE_STRIP = NO;
				DEBUG_INFORMATION_FORMAT = "dwarf-with-dsym";
				ENABLE_NS_ASSERTIONS = NO;
				ENABLE_STRICT_OBJC_MSGSEND = YES;
				ENABLE_USER_SCRIPT_SANDBOXING = YES;
				GCC_C_LANGUAGE_STANDARD = gnu17;
				GCC_NO_COMMON_BLOCKS = YES;
				GCC_WARN_64_TO_32_BIT_CONVERSION = YES;
				GCC_WARN_ABOUT_RETURN_TYPE = YES_ERROR;
				GCC_WARN_UNDECLARED_SELECTOR = YES;
				GCC_WARN_UNINITIALIZED_AUTOS = YES_AGGRESSIVE;
				GCC_WARN_UNUSED_FUNCTION = YES;
				GCC_WARN_UNUSED_VARIABLE = YES;
				IPHONEOS_DEPLOYMENT_TARGET = 18.2;
				LOCALIZATION_PREFERS_STRING_CATALOGS = YES;
				MTL_ENABLE_DEBUG_INFO = NO;
				MTL_FAST_MATH = YES;
				SDKROOT = iphoneos;
				SWIFT_COMPILATION_MODE = wholemodule;
				VALIDATE_PRODUCT = YES;
			};
			name = Release;
		};
		6D3042C52D76B7BC00635062 /* Debug */ = {
			isa = XCBuildConfiguration;
			buildSettings = {
				ASSETCATALOG_COMPILER_APPICON_NAME = AppIcon;
				ASSETCATALOG_COMPILER_GLOBAL_ACCENT_COLOR_NAME = AccentColor;
				CODE_SIGN_STYLE = Automatic;
				CURRENT_PROJECT_VERSION = 1;
				DEVELOPMENT_ASSET_PATHS = "\"ChatWithAI/Preview Content\"";
				ENABLE_PREVIEWS = YES;
				GENERATE_INFOPLIST_FILE = YES;
				INFOPLIST_KEY_UIApplicationSceneManifest_Generation = YES;
				INFOPLIST_KEY_UIApplicationSupportsIndirectInputEvents = YES;
				INFOPLIST_KEY_UILaunchScreen_Generation = YES;
				INFOPLIST_KEY_UISupportedInterfaceOrientations_iPad = "UIInterfaceOrientationPortrait UIInterfaceOrientationPortraitUpsideDown UIInterfaceOrientationLandscapeLeft UIInterfaceOrientationLandscapeRight";
				INFOPLIST_KEY_UISupportedInterfaceOrientations_iPhone = "UIInterfaceOrientationPortrait UIInterfaceOrientationLandscapeLeft UIInterfaceOrientationLandscapeRight";
				LD_RUNPATH_SEARCH_PATHS = (
					"$(inherited)",
					"@executable_path/Frameworks",
				);
				MARKETING_VERSION = 1.0;
				PRODUCT_BUNDLE_IDENTIFIER = aman.ChatWithAI;
				PRODUCT_NAME = "$(TARGET_NAME)";
				SWIFT_EMIT_LOC_STRINGS = YES;
				SWIFT_VERSION = 5.0;
				TARGETED_DEVICE_FAMILY = "1,2";
			};
			name = Debug;
		};
		6D3042C62D76B7BC00635062 /* Release */ = {
			isa = XCBuildConfiguration;
			buildSettings = {
				ASSETCATALOG_COMPILER_APPICON_NAME = AppIcon;
				ASSETCATALOG_COMPILER_GLOBAL_ACCENT_COLOR_NAME = AccentColor;
				CODE_SIGN_STYLE = Automatic;
				CURRENT_PROJECT_VERSION = 1;
				DEVELOPMENT_ASSET_PATHS = "\"ChatWithAI/Preview Content\"";
				ENABLE_PREVIEWS = YES;
				GENERATE_INFOPLIST_FILE = YES;
				INFOPLIST_KEY_UIApplicationSceneManifest_Generation = YES;
				INFOPLIST_KEY_UIApplicationSupportsIndirectInputEvents = YES;
				INFOPLIST_KEY_UILaunchScreen_Generation = YES;
				INFOPLIST_KEY_UISupportedInterfaceOrientations_iPad = "UIInterfaceOrientationPortrait UIInterfaceOrientationPortraitUpsideDown UIInterfaceOrientationLandscapeLeft UIInterfaceOrientationLandscapeRight";
				INFOPLIST_KEY_UISupportedInterfaceOrientations_iPhone = "UIInterfaceOrientationPortrait UIInterfaceOrientationLandscapeLeft UIInterfaceOrientationLandscapeRight";
				LD_RUNPATH_SEARCH_PATHS = (
					"$(inherited)",
					"@executable_path/Frameworks",
				);
				MARKETING_VERSION = 1.0;
				PRODUCT_BUNDLE_IDENTIFIER = aman.ChatWithAI;
				PRODUCT_NAME = "$(TARGET_NAME)";
				SWIFT_EMIT_LOC_STRINGS = YES;
				SWIFT_VERSION = 5.0;
				TARGETED_DEVICE_FAMILY = "1,2";
			};
			name = Release;
		};
		6D3042C82D76B7BC00635062 /* Debug */ = {
			isa = XCBuildConfiguration;
			buildSettings = {
				BUNDLE_LOADER = "$(TEST_HOST)";
				CODE_SIGN_STYLE = Automatic;
				CURRENT_PROJECT_VERSION = 1;
				GENERATE_INFOPLIST_FILE = YES;
				IPHONEOS_DEPLOYMENT_TARGET = 18.2;
				MARKETING_VERSION = 1.0;
				PRODUCT_BUNDLE_IDENTIFIER = aman.ChatWithAITests;
				PRODUCT_NAME = "$(TARGET_NAME)";
				SWIFT_EMIT_LOC_STRINGS = NO;
				SWIFT_VERSION = 5.0;
				TARGETED_DEVICE_FAMILY = "1,2";
				TEST_HOST = "$(BUILT_PRODUCTS_DIR)/ChatWithAI.app/$(BUNDLE_EXECUTABLE_FOLDER_PATH)/ChatWithAI";
			};
			name = Debug;
		};
		6D3042C92D76B7BC00635062 /* Release */ = {
			isa = XCBuildConfiguration;
			buildSettings = {
				BUNDLE_LOADER = "$(TEST_HOST)";
				CODE_SIGN_STYLE = Automatic;
				CURRENT_PROJECT_VERSION = 1;
				GENERATE_INFOPLIST_FILE = YES;
				IPHONEOS_DEPLOYMENT_TARGET = 18.2;
				MARKETING_VERSION = 1.0;
				PRODUCT_BUNDLE_IDENTIFIER = aman.ChatWithAITests;
				PRODUCT_NAME = "$(TARGET_NAME)";
				SWIFT_EMIT_LOC_STRINGS = NO;
				SWIFT_VERSION = 5.0;
				TARGETED_DEVICE_FAMILY = "1,2";
				TEST_HOST = "$(BUILT_PRODUCTS_DIR)/ChatWithAI.app/$(BUNDLE_EXECUTABLE_FOLDER_PATH)/ChatWithAI";
			};
			name = Release;
		};
		6D3042CB2D76B7BC00635062 /* Debug */ = {
			isa = XCBuildConfiguration;
			buildSettings = {
				CODE_SIGN_STYLE = Automatic;
				CURRENT_PROJECT_VERSION = 1;
				GENERATE_INFOPLIST_FILE = YES;
				MARKETING_VERSION = 1.0;
				PRODUCT_BUNDLE_IDENTIFIER = aman.ChatWithAIUITests;
				PRODUCT_NAME = "$(TARGET_NAME)";
				SWIFT_EMIT_LOC_STRINGS = NO;
				SWIFT_VERSION = 5.0;
				TARGETED_DEVICE_FAMILY = "1,2";
				TEST_TARGET_NAME = ChatWithAI;
			};
			name = Debug;
		};
		6D3042CC2D76B7BC00635062 /* Release */ = {
			isa = XCBuildConfiguration;
			buildSettings = {
				CODE_SIGN_STYLE = Automatic;
				CURRENT_PROJECT_VERSION = 1;
				GENERATE_INFOPLIST_FILE = YES;
				MARKETING_VERSION = 1.0;
				PRODUCT_BUNDLE_IDENTIFIER = aman.ChatWithAIUITests;
				PRODUCT_NAME = "$(TARGET_NAME)";
				SWIFT_EMIT_LOC_STRINGS = NO;
				SWIFT_VERSION = 5.0;
				TARGETED_DEVICE_FAMILY = "1,2";
				TEST_TARGET_NAME = ChatWithAI;
			};
			name = Release;
		};
/* End XCBuildConfiguration section */

/* Begin XCConfigurationList section */
		6D30429B2D76B7BB00635062 /* Build configuration list for PBXProject "ChatWithAI" */ = {
			isa = XCConfigurationList;
			buildConfigurations = (
				6D3042C22D76B7BC00635062 /* Debug */,
				6D3042C32D76B7BC00635062 /* Release */,
			);
			defaultConfigurationIsVisible = 0;
			defaultConfigurationName = Release;
		};
		6D3042C42D76B7BC00635062 /* Build configuration list for PBXNativeTarget "ChatWithAI" */ = {
			isa = XCConfigurationList;
			buildConfigurations = (
				6D3042C52D76B7BC00635062 /* Debug */,
				6D3042C62D76B7BC00635062 /* Release */,
			);
			defaultConfigurationIsVisible = 0;
			defaultConfigurationName = Release;
		};
		6D3042C72D76B7BC00635062 /* Build configuration list for PBXNativeTarget "ChatWithAITests" */ = {
			isa = XCConfigurationList;
			buildConfigurations = (
				6D3042C82D76B7BC00635062 /* Debug */,
				6D3042C92D76B7BC00635062 /* Release */,
			);
			defaultConfigurationIsVisible = 0;
			defaultConfigurationName = Release;
		};
		6D3042CA2D76B7BC00635062 /* Build configuration list for PBXNativeTarget "ChatWithAIUITests" */ = {
			isa = XCConfigurationList;
			buildConfigurations = (
				6D3042CB2D76B7BC00635062 /* Debug */,
				6D3042CC2D76B7BC00635062 /* Release */,
			);
			defaultConfigurationIsVisible = 0;
			defaultConfigurationName = Release;
		};
/* End XCConfigurationList section */

/* Begin XCRemoteSwiftPackageReference section */
		6D3042D52D76BB0800635062 /* XCRemoteSwiftPackageReference "generative-ai-swift" */ = {
			isa = XCRemoteSwiftPackageReference;
			repositoryURL = "https://github.com/google-gemini/generative-ai-swift";
			requirement = {
				kind = upToNextMajorVersion;
				minimumVersion = 0.5.6;
			};
		};
/* End XCRemoteSwiftPackageReference section */

/* Begin XCSwiftPackageProductDependency section */
		6D3042D72D76BF9A00635062 /* GoogleGenerativeAI */ = {
			isa = XCSwiftPackageProductDependency;
			package = 6D3042D52D76BB0800635062 /* XCRemoteSwiftPackageReference "generative-ai-swift" */;
			productName = GoogleGenerativeAI;
		};
/* End XCSwiftPackageProductDependency section */
	};
	rootObject = 6D3042982D76B7BB00635062 /* Project object */;
}
